// !$*UTF8*$!
{
	archiveVersion = 1;
	classes = {
	};
	objectVersion = 56;
	objects = {

/* Begin PBXBuildFile section */
		BC0A64622AD7DE7A0086468B /* InfoVC.swift in Sources */ = {isa = PBXBuildFile; fileRef = BC0A64612AD7DE7A0086468B /* InfoVC.swift */; };
		BC54D3232ADD1A7C00548F8B /* AddNewUserVC.swift in Sources */ = {isa = PBXBuildFile; fileRef = BC54D3222ADD1A7C00548F8B /* AddNewUserVC.swift */; };
		BC54D3252ADD5B1D00548F8B /* EditUserVC.swift in Sources */ = {isa = PBXBuildFile; fileRef = BC54D3242ADD5B1D00548F8B /* EditUserVC.swift */; };
		BC679C5D2AD6B41D00C53162 /* AppDelegate.swift in Sources */ = {isa = PBXBuildFile; fileRef = BC679C5C2AD6B41D00C53162 /* AppDelegate.swift */; };
		BC679C5F2AD6B41D00C53162 /* SceneDelegate.swift in Sources */ = {isa = PBXBuildFile; fileRef = BC679C5E2AD6B41D00C53162 /* SceneDelegate.swift */; };
		BC679C642AD6B41D00C53162 /* Main.storyboard in Resources */ = {isa = PBXBuildFile; fileRef = BC679C622AD6B41D00C53162 /* Main.storyboard */; };
		BC679C662AD6B41F00C53162 /* Assets.xcassets in Resources */ = {isa = PBXBuildFile; fileRef = BC679C652AD6B41F00C53162 /* Assets.xcassets */; };
		BC679C692AD6B41F00C53162 /* LaunchScreen.storyboard in Resources */ = {isa = PBXBuildFile; fileRef = BC679C672AD6B41F00C53162 /* LaunchScreen.storyboard */; };
		BC679C782AD6B5C200C53162 /* UserModels.swift in Sources */ = {isa = PBXBuildFile; fileRef = BC679C772AD6B5C200C53162 /* UserModels.swift */; };
		BC679C7C2AD6B7B900C53162 /* Address.swift in Sources */ = {isa = PBXBuildFile; fileRef = BC679C7B2AD6B7B900C53162 /* Address.swift */; };
		BC679C7E2AD6B7E800C53162 /* Geoposition.swift in Sources */ = {isa = PBXBuildFile; fileRef = BC679C7D2AD6B7E800C53162 /* Geoposition.swift */; };
		BC679C802AD6B7FA00C53162 /* Company.swift in Sources */ = {isa = PBXBuildFile; fileRef = BC679C7F2AD6B7FA00C53162 /* Company.swift */; };
		BC679C822AD6B8A200C53162 /* ApiConstants.swift in Sources */ = {isa = PBXBuildFile; fileRef = BC679C812AD6B8A200C53162 /* ApiConstants.swift */; };
		BC679C872AD6B95900C53162 /* CollectionVC.swift in Sources */ = {isa = PBXBuildFile; fileRef = BC679C862AD6B95900C53162 /* CollectionVC.swift */; };
		BC679C892AD6B99100C53162 /* ActionCVCell.swift in Sources */ = {isa = PBXBuildFile; fileRef = BC679C882AD6B99100C53162 /* ActionCVCell.swift */; };
		BC679C8C2AD6BA1D00C53162 /* ImageVC.swift in Sources */ = {isa = PBXBuildFile; fileRef = BC679C8B2AD6BA1D00C53162 /* ImageVC.swift */; };
		BC679C8F2AD6BA7B00C53162 /* UsersTVC.swift in Sources */ = {isa = PBXBuildFile; fileRef = BC679C8E2AD6BA7B00C53162 /* UsersTVC.swift */; };
		BC9DD29E2ADEBEE20031870B /* UserNetworkService.swift in Sources */ = {isa = PBXBuildFile; fileRef = BC9DD29D2ADEBEE20031870B /* UserNetworkService.swift */; };
		BC9DD2A02ADEBF010031870B /* PostNetworkService.swift in Sources */ = {isa = PBXBuildFile; fileRef = BC9DD29F2ADEBF010031870B /* PostNetworkService.swift */; };
		BC9DD2A32ADEC6100031870B /* ButtonHelper.swift in Sources */ = {isa = PBXBuildFile; fileRef = BC9DD2A22ADEC6100031870B /* ButtonHelper.swift */; };
		BCF46DF72ADAF06F00A77F10 /* PostFlow.storyboard in Resources */ = {isa = PBXBuildFile; fileRef = BCF46DF62ADAF06F00A77F10 /* PostFlow.storyboard */; };
		BCF46DF92ADAF09500A77F10 /* AlbumsAndPhotos.storyboard in Resources */ = {isa = PBXBuildFile; fileRef = BCF46DF82ADAF09500A77F10 /* AlbumsAndPhotos.storyboard */; };
		BCF46DFB2ADAFA7E00A77F10 /* ToDo.storyboard in Resources */ = {isa = PBXBuildFile; fileRef = BCF46DFA2ADAFA7E00A77F10 /* ToDo.storyboard */; };
		BCF46DFE2ADAFD5000A77F10 /* PostsTVC.swift in Sources */ = {isa = PBXBuildFile; fileRef = BCF46DFD2ADAFD5000A77F10 /* PostsTVC.swift */; };
		BCF46E012ADAFF2700A77F10 /* AlbumsTVC.swift in Sources */ = {isa = PBXBuildFile; fileRef = BCF46E002ADAFF2700A77F10 /* AlbumsTVC.swift */; };
		BCF46E042ADB029400A77F10 /* PostModel.swift in Sources */ = {isa = PBXBuildFile; fileRef = BCF46E032ADB029400A77F10 /* PostModel.swift */; };
		BCF46E082ADB046300A77F10 /* AlbumModel.swift in Sources */ = {isa = PBXBuildFile; fileRef = BCF46E072ADB046300A77F10 /* AlbumModel.swift */; };
		BCF46E0C2ADB04DF00A77F10 /* TodoModel.swift in Sources */ = {isa = PBXBuildFile; fileRef = BCF46E0B2ADB04DF00A77F10 /* TodoModel.swift */; };
		BCF46E162ADBD3BE00A77F10 /* Alamofire in Frameworks */ = {isa = PBXBuildFile; productRef = BCF46E152ADBD3BE00A77F10 /* Alamofire */; };
		BCF46E192ADBD3EC00A77F10 /* SwiftyJSON in Frameworks */ = {isa = PBXBuildFile; productRef = BCF46E182ADBD3EC00A77F10 /* SwiftyJSON */; };
		BCF46E1C2ADBD42300A77F10 /* AlamofireImage in Frameworks */ = {isa = PBXBuildFile; productRef = BCF46E1B2ADBD42300A77F10 /* AlamofireImage */; };
		BCF46E1E2ADBD84000A77F10 /* NewPostVC.swift in Sources */ = {isa = PBXBuildFile; fileRef = BCF46E1D2ADBD84000A77F10 /* NewPostVC.swift */; };
/* End PBXBuildFile section */

/* Begin PBXFileReference section */
		BC0A64612AD7DE7A0086468B /* InfoVC.swift */ = {isa = PBXFileReference; lastKnownFileType = sourcecode.swift; path = InfoVC.swift; sourceTree = "<group>"; };
		BC54D3222ADD1A7C00548F8B /* AddNewUserVC.swift */ = {isa = PBXFileReference; lastKnownFileType = sourcecode.swift; path = AddNewUserVC.swift; sourceTree = "<group>"; };
		BC54D3242ADD5B1D00548F8B /* EditUserVC.swift */ = {isa = PBXFileReference; lastKnownFileType = sourcecode.swift; path = EditUserVC.swift; sourceTree = "<group>"; };
		BC679C592AD6B41D00C53162 /* Rest App.app */ = {isa = PBXFileReference; explicitFileType = wrapper.application; includeInIndex = 0; path = "Rest App.app"; sourceTree = BUILT_PRODUCTS_DIR; };
		BC679C5C2AD6B41D00C53162 /* AppDelegate.swift */ = {isa = PBXFileReference; lastKnownFileType = sourcecode.swift; path = AppDelegate.swift; sourceTree = "<group>"; };
		BC679C5E2AD6B41D00C53162 /* SceneDelegate.swift */ = {isa = PBXFileReference; lastKnownFileType = sourcecode.swift; path = SceneDelegate.swift; sourceTree = "<group>"; };
		BC679C632AD6B41D00C53162 /* Base */ = {isa = PBXFileReference; lastKnownFileType = file.storyboard; name = Base; path = Base.lproj/Main.storyboard; sourceTree = "<group>"; };
		BC679C652AD6B41F00C53162 /* Assets.xcassets */ = {isa = PBXFileReference; lastKnownFileType = folder.assetcatalog; path = Assets.xcassets; sourceTree = "<group>"; };
		BC679C682AD6B41F00C53162 /* Base */ = {isa = PBXFileReference; lastKnownFileType = file.storyboard; name = Base; path = Base.lproj/LaunchScreen.storyboard; sourceTree = "<group>"; };
		BC679C6A2AD6B41F00C53162 /* Info.plist */ = {isa = PBXFileReference; lastKnownFileType = text.plist.xml; path = Info.plist; sourceTree = "<group>"; };
		BC679C772AD6B5C200C53162 /* UserModels.swift */ = {isa = PBXFileReference; lastKnownFileType = sourcecode.swift; path = UserModels.swift; sourceTree = "<group>"; };
		BC679C7B2AD6B7B900C53162 /* Address.swift */ = {isa = PBXFileReference; lastKnownFileType = sourcecode.swift; path = Address.swift; sourceTree = "<group>"; };
		BC679C7D2AD6B7E800C53162 /* Geoposition.swift */ = {isa = PBXFileReference; lastKnownFileType = sourcecode.swift; path = Geoposition.swift; sourceTree = "<group>"; };
		BC679C7F2AD6B7FA00C53162 /* Company.swift */ = {isa = PBXFileReference; lastKnownFileType = sourcecode.swift; path = Company.swift; sourceTree = "<group>"; };
		BC679C812AD6B8A200C53162 /* ApiConstants.swift */ = {isa = PBXFileReference; lastKnownFileType = sourcecode.swift; path = ApiConstants.swift; sourceTree = "<group>"; };
		BC679C862AD6B95900C53162 /* CollectionVC.swift */ = {isa = PBXFileReference; lastKnownFileType = sourcecode.swift; path = CollectionVC.swift; sourceTree = "<group>"; };
		BC679C882AD6B99100C53162 /* ActionCVCell.swift */ = {isa = PBXFileReference; lastKnownFileType = sourcecode.swift; path = ActionCVCell.swift; sourceTree = "<group>"; };
		BC679C8B2AD6BA1D00C53162 /* ImageVC.swift */ = {isa = PBXFileReference; lastKnownFileType = sourcecode.swift; path = ImageVC.swift; sourceTree = "<group>"; };
		BC679C8E2AD6BA7B00C53162 /* UsersTVC.swift */ = {isa = PBXFileReference; lastKnownFileType = sourcecode.swift; path = UsersTVC.swift; sourceTree = "<group>"; };
		BC9DD29D2ADEBEE20031870B /* UserNetworkService.swift */ = {isa = PBXFileReference; lastKnownFileType = sourcecode.swift; path = UserNetworkService.swift; sourceTree = "<group>"; };
		BC9DD29F2ADEBF010031870B /* PostNetworkService.swift */ = {isa = PBXFileReference; lastKnownFileType = sourcecode.swift; path = PostNetworkService.swift; sourceTree = "<group>"; };
		BC9DD2A22ADEC6100031870B /* ButtonHelper.swift */ = {isa = PBXFileReference; lastKnownFileType = sourcecode.swift; path = ButtonHelper.swift; sourceTree = "<group>"; };
		BCF46DF62ADAF06F00A77F10 /* PostFlow.storyboard */ = {isa = PBXFileReference; lastKnownFileType = file.storyboard; path = PostFlow.storyboard; sourceTree = "<group>"; };
		BCF46DF82ADAF09500A77F10 /* AlbumsAndPhotos.storyboard */ = {isa = PBXFileReference; lastKnownFileType = file.storyboard; path = AlbumsAndPhotos.storyboard; sourceTree = "<group>"; };
		BCF46DFA2ADAFA7E00A77F10 /* ToDo.storyboard */ = {isa = PBXFileReference; lastKnownFileType = file.storyboard; path = ToDo.storyboard; sourceTree = "<group>"; };
		BCF46DFD2ADAFD5000A77F10 /* PostsTVC.swift */ = {isa = PBXFileReference; lastKnownFileType = sourcecode.swift; path = PostsTVC.swift; sourceTree = "<group>"; };
		BCF46E002ADAFF2700A77F10 /* AlbumsTVC.swift */ = {isa = PBXFileReference; lastKnownFileType = sourcecode.swift; path = AlbumsTVC.swift; sourceTree = "<group>"; };
		BCF46E032ADB029400A77F10 /* PostModel.swift */ = {isa = PBXFileReference; lastKnownFileType = sourcecode.swift; path = PostModel.swift; sourceTree = "<group>"; };
		BCF46E072ADB046300A77F10 /* AlbumModel.swift */ = {isa = PBXFileReference; lastKnownFileType = sourcecode.swift; path = AlbumModel.swift; sourceTree = "<group>"; };
		BCF46E0B2ADB04DF00A77F10 /* TodoModel.swift */ = {isa = PBXFileReference; lastKnownFileType = sourcecode.swift; path = TodoModel.swift; sourceTree = "<group>"; };
		BCF46E1D2ADBD84000A77F10 /* NewPostVC.swift */ = {isa = PBXFileReference; lastKnownFileType = sourcecode.swift; path = NewPostVC.swift; sourceTree = "<group>"; };
/* End PBXFileReference section */

/* Begin PBXFrameworksBuildPhase section */
		BC679C562AD6B41D00C53162 /* Frameworks */ = {
			isa = PBXFrameworksBuildPhase;
			buildActionMask = 2147483647;
			files = (
				BCF46E192ADBD3EC00A77F10 /* SwiftyJSON in Frameworks */,
				BCF46E162ADBD3BE00A77F10 /* Alamofire in Frameworks */,
				BCF46E1C2ADBD42300A77F10 /* AlamofireImage in Frameworks */,
			);
			runOnlyForDeploymentPostprocessing = 0;
		};
/* End PBXFrameworksBuildPhase section */

/* Begin PBXGroup section */
		BC0A64602AD7DE4D0086468B /* InfoVC */ = {
			isa = PBXGroup;
			children = (
				BC0A64612AD7DE7A0086468B /* InfoVC.swift */,
			);
			path = InfoVC;
			sourceTree = "<group>";
		};
		BC679C502AD6B41D00C53162 = {
			isa = PBXGroup;
			children = (
				BC679C5B2AD6B41D00C53162 /* Rest App */,
				BC679C5A2AD6B41D00C53162 /* Products */,
			);
			sourceTree = "<group>";
		};
		BC679C5A2AD6B41D00C53162 /* Products */ = {
			isa = PBXGroup;
			children = (
				BC679C592AD6B41D00C53162 /* Rest App.app */,
			);
			name = Products;
			sourceTree = "<group>";
		};
		BC679C5B2AD6B41D00C53162 /* Rest App */ = {
			isa = PBXGroup;
			children = (
				BC9DD2A12ADEC5F70031870B /* Design */,
				BCF46E0D2ADBCD3B00A77F10 /* Services */,
				BC679C732AD6B4B100C53162 /* Models */,
				BC679C722AD6B49500C53162 /* Controllers */,
				BC679C702AD6B46E00C53162 /* Views */,
				BC679C762AD6B4E600C53162 /* Assets */,
				BC679C712AD6B47E00C53162 /* App */,
				BC679C6A2AD6B41F00C53162 /* Info.plist */,
			);
			path = "Rest App";
			sourceTree = "<group>";
		};
		BC679C702AD6B46E00C53162 /* Views */ = {
			isa = PBXGroup;
			children = (
				BC679C622AD6B41D00C53162 /* Main.storyboard */,
				BCF46DF62ADAF06F00A77F10 /* PostFlow.storyboard */,
				BCF46DF82ADAF09500A77F10 /* AlbumsAndPhotos.storyboard */,
				BCF46DFA2ADAFA7E00A77F10 /* ToDo.storyboard */,
				BC679C672AD6B41F00C53162 /* LaunchScreen.storyboard */,
			);
			path = Views;
			sourceTree = "<group>";
		};
		BC679C712AD6B47E00C53162 /* App */ = {
			isa = PBXGroup;
			children = (
				BC679C5E2AD6B41D00C53162 /* SceneDelegate.swift */,
				BC679C5C2AD6B41D00C53162 /* AppDelegate.swift */,
			);
			path = App;
			sourceTree = "<group>";
		};
		BC679C722AD6B49500C53162 /* Controllers */ = {
			isa = PBXGroup;
			children = (
				BC0A64602AD7DE4D0086468B /* InfoVC */,
				BC679C8D2AD6BA6200C53162 /* UsersList */,
				BCF46DFC2ADAFD3900A77F10 /* Posts */,
				BCF46DFF2ADAFEFF00A77F10 /* Albums */,
				BC679C8A2AD6B9F800C53162 /* ImageView */,
				BC679C832AD6B8ED00C53162 /* ActionsCollection */,
			);
			path = Controllers;
			sourceTree = "<group>";
		};
		BC679C732AD6B4B100C53162 /* Models */ = {
			isa = PBXGroup;
			children = (
				BCF46E052ADB02B500A77F10 /* UserModel */,
				BCF46E092ADB048A00A77F10 /* ApiConstants */,
				BCF46E022ADB023E00A77F10 /* PostModel */,
				BCF46E062ADB044600A77F10 /* AlbumModel */,
				BCF46E0A2ADB04C500A77F10 /* ToDoModel */,
				BC679C7A2AD6B62800C53162 /* User data */,
			);
			path = Models;
			sourceTree = "<group>";
		};
		BC679C762AD6B4E600C53162 /* Assets */ = {
			isa = PBXGroup;
			children = (
				BC679C652AD6B41F00C53162 /* Assets.xcassets */,
			);
			path = Assets;
			sourceTree = "<group>";
		};
		BC679C7A2AD6B62800C53162 /* User data */ = {
			isa = PBXGroup;
			children = (
				BC679C7B2AD6B7B900C53162 /* Address.swift */,
				BC679C7D2AD6B7E800C53162 /* Geoposition.swift */,
				BC679C7F2AD6B7FA00C53162 /* Company.swift */,
			);
			path = "User data";
			sourceTree = "<group>";
		};
		BC679C832AD6B8ED00C53162 /* ActionsCollection */ = {
			isa = PBXGroup;
			children = (
				BC679C862AD6B95900C53162 /* CollectionVC.swift */,
				BC679C882AD6B99100C53162 /* ActionCVCell.swift */,
			);
			path = ActionsCollection;
			sourceTree = "<group>";
		};
		BC679C8A2AD6B9F800C53162 /* ImageView */ = {
			isa = PBXGroup;
			children = (
				BC679C8B2AD6BA1D00C53162 /* ImageVC.swift */,
			);
			path = ImageView;
			sourceTree = "<group>";
		};
		BC679C8D2AD6BA6200C53162 /* UsersList */ = {
			isa = PBXGroup;
			children = (
				BC679C8E2AD6BA7B00C53162 /* UsersTVC.swift */,
				BC54D3222ADD1A7C00548F8B /* AddNewUserVC.swift */,
				BC54D3242ADD5B1D00548F8B /* EditUserVC.swift */,
			);
			path = UsersList;
			sourceTree = "<group>";
		};
		BC9DD2A12ADEC5F70031870B /* Design */ = {
			isa = PBXGroup;
			children = (
				BC9DD2A22ADEC6100031870B /* ButtonHelper.swift */,
			);
			path = Design;
			sourceTree = "<group>";
		};
		BCF46DFC2ADAFD3900A77F10 /* Posts */ = {
			isa = PBXGroup;
			children = (
				BCF46DFD2ADAFD5000A77F10 /* PostsTVC.swift */,
				BCF46E1D2ADBD84000A77F10 /* NewPostVC.swift */,
			);
			path = Posts;
			sourceTree = "<group>";
		};
		BCF46DFF2ADAFEFF00A77F10 /* Albums */ = {
			isa = PBXGroup;
			children = (
				BCF46E002ADAFF2700A77F10 /* AlbumsTVC.swift */,
			);
			path = Albums;
			sourceTree = "<group>";
		};
		BCF46E022ADB023E00A77F10 /* PostModel */ = {
			isa = PBXGroup;
			children = (
				BCF46E032ADB029400A77F10 /* PostModel.swift */,
			);
			path = PostModel;
			sourceTree = "<group>";
		};
		BCF46E052ADB02B500A77F10 /* UserModel */ = {
			isa = PBXGroup;
			children = (
				BC679C772AD6B5C200C53162 /* UserModels.swift */,
			);
			path = UserModel;
			sourceTree = "<group>";
		};
		BCF46E062ADB044600A77F10 /* AlbumModel */ = {
			isa = PBXGroup;
			children = (
				BCF46E072ADB046300A77F10 /* AlbumModel.swift */,
			);
			path = AlbumModel;
			sourceTree = "<group>";
		};
		BCF46E092ADB048A00A77F10 /* ApiConstants */ = {
			isa = PBXGroup;
			children = (
				BC679C812AD6B8A200C53162 /* ApiConstants.swift */,
			);
			path = ApiConstants;
			sourceTree = "<group>";
		};
		BCF46E0A2ADB04C500A77F10 /* ToDoModel */ = {
			isa = PBXGroup;
			children = (
				BCF46E0B2ADB04DF00A77F10 /* TodoModel.swift */,
			);
			path = ToDoModel;
			sourceTree = "<group>";
		};
		BCF46E0D2ADBCD3B00A77F10 /* Services */ = {
			isa = PBXGroup;
			children = (
				BC9DD29D2ADEBEE20031870B /* UserNetworkService.swift */,
				BC9DD29F2ADEBF010031870B /* PostNetworkService.swift */,
			);
			path = Services;
			sourceTree = "<group>";
		};
/* End PBXGroup section */

/* Begin PBXNativeTarget section */
		BC679C582AD6B41D00C53162 /* Rest App */ = {
			isa = PBXNativeTarget;
			buildConfigurationList = BC679C6D2AD6B41F00C53162 /* Build configuration list for PBXNativeTarget "Rest App" */;
			buildPhases = (
				BC679C552AD6B41D00C53162 /* Sources */,
				BC679C562AD6B41D00C53162 /* Frameworks */,
				BC679C572AD6B41D00C53162 /* Resources */,
			);
			buildRules = (
			);
			dependencies = (
			);
			name = "Rest App";
			packageProductDependencies = (
				BCF46E152ADBD3BE00A77F10 /* Alamofire */,
				BCF46E182ADBD3EC00A77F10 /* SwiftyJSON */,
				BCF46E1B2ADBD42300A77F10 /* AlamofireImage */,
			);
			productName = "Rest App";
			productReference = BC679C592AD6B41D00C53162 /* Rest App.app */;
			productType = "com.apple.product-type.application";
		};
/* End PBXNativeTarget section */

/* Begin PBXProject section */
		BC679C512AD6B41D00C53162 /* Project object */ = {
			isa = PBXProject;
			attributes = {
				BuildIndependentTargetsInParallel = 1;
				LastSwiftUpdateCheck = 1500;
				LastUpgradeCheck = 1500;
				TargetAttributes = {
					BC679C582AD6B41D00C53162 = {
						CreatedOnToolsVersion = 15.0;
					};
				};
			};
			buildConfigurationList = BC679C542AD6B41D00C53162 /* Build configuration list for PBXProject "Rest App" */;
			compatibilityVersion = "Xcode 14.0";
			developmentRegion = en;
			hasScannedForEncodings = 0;
			knownRegions = (
				en,
				Base,
			);
			mainGroup = BC679C502AD6B41D00C53162;
			packageReferences = (
				BCF46E142ADBD3BE00A77F10 /* XCRemoteSwiftPackageReference "Alamofire" */,
				BCF46E172ADBD3EC00A77F10 /* XCRemoteSwiftPackageReference "SwiftyJSON" */,
				BCF46E1A2ADBD42300A77F10 /* XCRemoteSwiftPackageReference "AlamofireImage" */,
			);
			productRefGroup = BC679C5A2AD6B41D00C53162 /* Products */;
			projectDirPath = "";
			projectRoot = "";
			targets = (
				BC679C582AD6B41D00C53162 /* Rest App */,
			);
		};
/* End PBXProject section */

/* Begin PBXResourcesBuildPhase section */
		BC679C572AD6B41D00C53162 /* Resources */ = {
			isa = PBXResourcesBuildPhase;
			buildActionMask = 2147483647;
			files = (
				BCF46DFB2ADAFA7E00A77F10 /* ToDo.storyboard in Resources */,
				BCF46DF72ADAF06F00A77F10 /* PostFlow.storyboard in Resources */,
				BC679C692AD6B41F00C53162 /* LaunchScreen.storyboard in Resources */,
				BC679C662AD6B41F00C53162 /* Assets.xcassets in Resources */,
				BC679C642AD6B41D00C53162 /* Main.storyboard in Resources */,
				BCF46DF92ADAF09500A77F10 /* AlbumsAndPhotos.storyboard in Resources */,
			);
			runOnlyForDeploymentPostprocessing = 0;
		};
/* End PBXResourcesBuildPhase section */

/* Begin PBXSourcesBuildPhase section */
		BC679C552AD6B41D00C53162 /* Sources */ = {
			isa = PBXSourcesBuildPhase;
			buildActionMask = 2147483647;
			files = (
				BC9DD2A02ADEBF010031870B /* PostNetworkService.swift in Sources */,
				BCF46E042ADB029400A77F10 /* PostModel.swift in Sources */,
				BCF46DFE2ADAFD5000A77F10 /* PostsTVC.swift in Sources */,
				BC679C822AD6B8A200C53162 /* ApiConstants.swift in Sources */,
				BC679C5D2AD6B41D00C53162 /* AppDelegate.swift in Sources */,
				BC679C8C2AD6BA1D00C53162 /* ImageVC.swift in Sources */,
				BC679C872AD6B95900C53162 /* CollectionVC.swift in Sources */,
				BCF46E1E2ADBD84000A77F10 /* NewPostVC.swift in Sources */,
				BC679C782AD6B5C200C53162 /* UserModels.swift in Sources */,
				BC679C7E2AD6B7E800C53162 /* Geoposition.swift in Sources */,
				BCF46E0C2ADB04DF00A77F10 /* TodoModel.swift in Sources */,
				BC54D3232ADD1A7C00548F8B /* AddNewUserVC.swift in Sources */,
				BC679C7C2AD6B7B900C53162 /* Address.swift in Sources */,
				BC679C5F2AD6B41D00C53162 /* SceneDelegate.swift in Sources */,
				BCF46E012ADAFF2700A77F10 /* AlbumsTVC.swift in Sources */,
				BC54D3252ADD5B1D00548F8B /* EditUserVC.swift in Sources */,
				BCF46E082ADB046300A77F10 /* AlbumModel.swift in Sources */,
				BC9DD2A32ADEC6100031870B /* ButtonHelper.swift in Sources */,
				BC679C892AD6B99100C53162 /* ActionCVCell.swift in Sources */,
				BC679C802AD6B7FA00C53162 /* Company.swift in Sources */,
				BC0A64622AD7DE7A0086468B /* InfoVC.swift in Sources */,
				BC9DD29E2ADEBEE20031870B /* UserNetworkService.swift in Sources */,
				BC679C8F2AD6BA7B00C53162 /* UsersTVC.swift in Sources */,
			);
			runOnlyForDeploymentPostprocessing = 0;
		};
/* End PBXSourcesBuildPhase section */

/* Begin PBXVariantGroup section */
		BC679C622AD6B41D00C53162 /* Main.storyboard */ = {
			isa = PBXVariantGroup;
			children = (
				BC679C632AD6B41D00C53162 /* Base */,
			);
			name = Main.storyboard;
			sourceTree = "<group>";
		};
		BC679C672AD6B41F00C53162 /* LaunchScreen.storyboard */ = {
			isa = PBXVariantGroup;
			children = (
				BC679C682AD6B41F00C53162 /* Base */,
			);
			name = LaunchScreen.storyboard;
			sourceTree = "<group>";
		};
/* End PBXVariantGroup section */

/* Begin XCBuildConfiguration section */
		BC679C6B2AD6B41F00C53162 /* Debug */ = {
			isa = XCBuildConfiguration;
			buildSettings = {
				ALWAYS_SEARCH_USER_PATHS = NO;
				ASSETCATALOG_COMPILER_GENERATE_SWIFT_ASSET_SYMBOL_EXTENSIONS = YES;
				CLANG_ANALYZER_NONNULL = YES;
				CLANG_ANALYZER_NUMBER_OBJECT_CONVERSION = YES_AGGRESSIVE;
				CLANG_CXX_LANGUAGE_STANDARD = "gnu++20";
				CLANG_ENABLE_MODULES = YES;
				CLANG_ENABLE_OBJC_ARC = YES;
				CLANG_ENABLE_OBJC_WEAK = YES;
				CLANG_WARN_BLOCK_CAPTURE_AUTORELEASING = YES;
				CLANG_WARN_BOOL_CONVERSION = YES;
				CLANG_WARN_COMMA = YES;
				CLANG_WARN_CONSTANT_CONVERSION = YES;
				CLANG_WARN_DEPRECATED_OBJC_IMPLEMENTATIONS = YES;
				CLANG_WARN_DIRECT_OBJC_ISA_USAGE = YES_ERROR;
				CLANG_WARN_DOCUMENTATION_COMMENTS = YES;
				CLANG_WARN_EMPTY_BODY = YES;
				CLANG_WARN_ENUM_CONVERSION = YES;
				CLANG_WARN_INFINITE_RECURSION = YES;
				CLANG_WARN_INT_CONVERSION = YES;
				CLANG_WARN_NON_LITERAL_NULL_CONVERSION = YES;
				CLANG_WARN_OBJC_IMPLICIT_RETAIN_SELF = YES;
				CLANG_WARN_OBJC_LITERAL_CONVERSION = YES;
				CLANG_WARN_OBJC_ROOT_CLASS = YES_ERROR;
				CLANG_WARN_QUOTED_INCLUDE_IN_FRAMEWORK_HEADER = YES;
				CLANG_WARN_RANGE_LOOP_ANALYSIS = YES;
				CLANG_WARN_STRICT_PROTOTYPES = YES;
				CLANG_WARN_SUSPICIOUS_MOVE = YES;
				CLANG_WARN_UNGUARDED_AVAILABILITY = YES_AGGRESSIVE;
				CLANG_WARN_UNREACHABLE_CODE = YES;
				CLANG_WARN__DUPLICATE_METHOD_MATCH = YES;
				COPY_PHASE_STRIP = NO;
				DEBUG_INFORMATION_FORMAT = dwarf;
				ENABLE_STRICT_OBJC_MSGSEND = YES;
				ENABLE_TESTABILITY = YES;
				ENABLE_USER_SCRIPT_SANDBOXING = YES;
				GCC_C_LANGUAGE_STANDARD = gnu17;
				GCC_DYNAMIC_NO_PIC = NO;
				GCC_NO_COMMON_BLOCKS = YES;
				GCC_OPTIMIZATION_LEVEL = 0;
				GCC_PREPROCESSOR_DEFINITIONS = (
					"DEBUG=1",
					"$(inherited)",
				);
				GCC_WARN_64_TO_32_BIT_CONVERSION = YES;
				GCC_WARN_ABOUT_RETURN_TYPE = YES_ERROR;
				GCC_WARN_UNDECLARED_SELECTOR = YES;
				GCC_WARN_UNINITIALIZED_AUTOS = YES_AGGRESSIVE;
				GCC_WARN_UNUSED_FUNCTION = YES;
				GCC_WARN_UNUSED_VARIABLE = YES;
				IPHONEOS_DEPLOYMENT_TARGET = 17.0;
				LOCALIZATION_PREFERS_STRING_CATALOGS = YES;
				MTL_ENABLE_DEBUG_INFO = INCLUDE_SOURCE;
				MTL_FAST_MATH = YES;
				ONLY_ACTIVE_ARCH = YES;
				SDKROOT = iphoneos;
				SWIFT_ACTIVE_COMPILATION_CONDITIONS = "DEBUG $(inherited)";
				SWIFT_OPTIMIZATION_LEVEL = "-Onone";
			};
			name = Debug;
		};
		BC679C6C2AD6B41F00C53162 /* Release */ = {
			isa = XCBuildConfiguration;
			buildSettings = {
				ALWAYS_SEARCH_USER_PATHS = NO;
				ASSETCATALOG_COMPILER_GENERATE_SWIFT_ASSET_SYMBOL_EXTENSIONS = YES;
				CLANG_ANALYZER_NONNULL = YES;
				CLANG_ANALYZER_NUMBER_OBJECT_CONVERSION = YES_AGGRESSIVE;
				CLANG_CXX_LANGUAGE_STANDARD = "gnu++20";
				CLANG_ENABLE_MODULES = YES;
				CLANG_ENABLE_OBJC_ARC = YES;
				CLANG_ENABLE_OBJC_WEAK = YES;
				CLANG_WARN_BLOCK_CAPTURE_AUTORELEASING = YES;
				CLANG_WARN_BOOL_CONVERSION = YES;
				CLANG_WARN_COMMA = YES;
				CLANG_WARN_CONSTANT_CONVERSION = YES;
				CLANG_WARN_DEPRECATED_OBJC_IMPLEMENTATIONS = YES;
				CLANG_WARN_DIRECT_OBJC_ISA_USAGE = YES_ERROR;
				CLANG_WARN_DOCUMENTATION_COMMENTS = YES;
				CLANG_WARN_EMPTY_BODY = YES;
				CLANG_WARN_ENUM_CONVERSION = YES;
				CLANG_WARN_INFINITE_RECURSION = YES;
				CLANG_WARN_INT_CONVERSION = YES;
				CLANG_WARN_NON_LITERAL_NULL_CONVERSION = YES;
				CLANG_WARN_OBJC_IMPLICIT_RETAIN_SELF = YES;
				CLANG_WARN_OBJC_LITERAL_CONVERSION = YES;
				CLANG_WARN_OBJC_ROOT_CLASS = YES_ERROR;
				CLANG_WARN_QUOTED_INCLUDE_IN_FRAMEWORK_HEADER = YES;
				CLANG_WARN_RANGE_LOOP_ANALYSIS = YES;
				CLANG_WARN_STRICT_PROTOTYPES = YES;
				CLANG_WARN_SUSPICIOUS_MOVE = YES;
				CLANG_WARN_UNGUARDED_AVAILABILITY = YES_AGGRESSIVE;
				CLANG_WARN_UNREACHABLE_CODE = YES;
				CLANG_WARN__DUPLICATE_METHOD_MATCH = YES;
				COPY_PHASE_STRIP = NO;
				DEBUG_INFORMATION_FORMAT = "dwarf-with-dsym";
				ENABLE_NS_ASSERTIONS = NO;
				ENABLE_STRICT_OBJC_MSGSEND = YES;
				ENABLE_USER_SCRIPT_SANDBOXING = YES;
				GCC_C_LANGUAGE_STANDARD = gnu17;
				GCC_NO_COMMON_BLOCKS = YES;
				GCC_WARN_64_TO_32_BIT_CONVERSION = YES;
				GCC_WARN_ABOUT_RETURN_TYPE = YES_ERROR;
				GCC_WARN_UNDECLARED_SELECTOR = YES;
				GCC_WARN_UNINITIALIZED_AUTOS = YES_AGGRESSIVE;
				GCC_WARN_UNUSED_FUNCTION = YES;
				GCC_WARN_UNUSED_VARIABLE = YES;
				IPHONEOS_DEPLOYMENT_TARGET = 17.0;
				LOCALIZATION_PREFERS_STRING_CATALOGS = YES;
				MTL_ENABLE_DEBUG_INFO = NO;
				MTL_FAST_MATH = YES;
				SDKROOT = iphoneos;
				SWIFT_COMPILATION_MODE = wholemodule;
				VALIDATE_PRODUCT = YES;
			};
			name = Release;
		};
		BC679C6E2AD6B41F00C53162 /* Debug */ = {
			isa = XCBuildConfiguration;
			buildSettings = {
				ASSETCATALOG_COMPILER_APPICON_NAME = AppIcon;
				ASSETCATALOG_COMPILER_GLOBAL_ACCENT_COLOR_NAME = AccentColor;
				CODE_SIGN_STYLE = Automatic;
				CURRENT_PROJECT_VERSION = 1;
				DEVELOPMENT_TEAM = Y5C952D945;
				GENERATE_INFOPLIST_FILE = YES;
				INFOPLIST_FILE = "Rest App/Info.plist";
				INFOPLIST_KEY_UIApplicationSupportsIndirectInputEvents = YES;
				INFOPLIST_KEY_UILaunchStoryboardName = LaunchScreen;
				INFOPLIST_KEY_UIMainStoryboardFile = Main;
				INFOPLIST_KEY_UISupportedInterfaceOrientations_iPad = "UIInterfaceOrientationPortrait UIInterfaceOrientationPortraitUpsideDown UIInterfaceOrientationLandscapeLeft UIInterfaceOrientationLandscapeRight";
				INFOPLIST_KEY_UISupportedInterfaceOrientations_iPhone = "UIInterfaceOrientationPortrait UIInterfaceOrientationLandscapeLeft UIInterfaceOrientationLandscapeRight";
				LD_RUNPATH_SEARCH_PATHS = (
					"$(inherited)",
					"@executable_path/Frameworks",
				);
				MARKETING_VERSION = 1.0;
				PRODUCT_BUNDLE_IDENTIFIER = "by.AppStore.Rest-App";
				PRODUCT_NAME = "$(TARGET_NAME)";
				SWIFT_EMIT_LOC_STRINGS = YES;
				SWIFT_VERSION = 5.0;
				TARGETED_DEVICE_FAMILY = "1,2";
			};
			name = Debug;
		};
		BC679C6F2AD6B41F00C53162 /* Release */ = {
			isa = XCBuildConfiguration;
			buildSettings = {
				ASSETCATALOG_COMPILER_APPICON_NAME = AppIcon;
				ASSETCATALOG_COMPILER_GLOBAL_ACCENT_COLOR_NAME = AccentColor;
				CODE_SIGN_STYLE = Automatic;
				CURRENT_PROJECT_VERSION = 1;
				DEVELOPMENT_TEAM = Y5C952D945;
				GENERATE_INFOPLIST_FILE = YES;
				INFOPLIST_FILE = "Rest App/Info.plist";
				INFOPLIST_KEY_UIApplicationSupportsIndirectInputEvents = YES;
				INFOPLIST_KEY_UILaunchStoryboardName = LaunchScreen;
				INFOPLIST_KEY_UIMainStoryboardFile = Main;
				INFOPLIST_KEY_UISupportedInterfaceOrientations_iPad = "UIInterfaceOrientationPortrait UIInterfaceOrientationPortraitUpsideDown UIInterfaceOrientationLandscapeLeft UIInterfaceOrientationLandscapeRight";
				INFOPLIST_KEY_UISupportedInterfaceOrientations_iPhone = "UIInterfaceOrientationPortrait UIInterfaceOrientationLandscapeLeft UIInterfaceOrientationLandscapeRight";
				LD_RUNPATH_SEARCH_PATHS = (
					"$(inherited)",
					"@executable_path/Frameworks",
				);
				MARKETING_VERSION = 1.0;
				PRODUCT_BUNDLE_IDENTIFIER = "by.AppStore.Rest-App";
				PRODUCT_NAME = "$(TARGET_NAME)";
				SWIFT_EMIT_LOC_STRINGS = YES;
				SWIFT_VERSION = 5.0;
				TARGETED_DEVICE_FAMILY = "1,2";
			};
			name = Release;
		};
/* End XCBuildConfiguration section */

/* Begin XCConfigurationList section */
		BC679C542AD6B41D00C53162 /* Build configuration list for PBXProject "Rest App" */ = {
			isa = XCConfigurationList;
			buildConfigurations = (
				BC679C6B2AD6B41F00C53162 /* Debug */,
				BC679C6C2AD6B41F00C53162 /* Release */,
			);
			defaultConfigurationIsVisible = 0;
			defaultConfigurationName = Release;
		};
		BC679C6D2AD6B41F00C53162 /* Build configuration list for PBXNativeTarget "Rest App" */ = {
			isa = XCConfigurationList;
			buildConfigurations = (
				BC679C6E2AD6B41F00C53162 /* Debug */,
				BC679C6F2AD6B41F00C53162 /* Release */,
			);
			defaultConfigurationIsVisible = 0;
			defaultConfigurationName = Release;
		};
/* End XCConfigurationList section */

/* Begin XCRemoteSwiftPackageReference section */
		BCF46E142ADBD3BE00A77F10 /* XCRemoteSwiftPackageReference "Alamofire" */ = {
			isa = XCRemoteSwiftPackageReference;
			repositoryURL = "https://github.com/Alamofire/Alamofire.git";
			requirement = {
				kind = upToNextMajorVersion;
				minimumVersion = 5.8.0;
			};
		};
		BCF46E172ADBD3EC00A77F10 /* XCRemoteSwiftPackageReference "SwiftyJSON" */ = {
			isa = XCRemoteSwiftPackageReference;
			repositoryURL = "https://github.com/SwiftyJSON/SwiftyJSON.git";
			requirement = {
				kind = upToNextMajorVersion;
				minimumVersion = 5.0.1;
			};
		};
		BCF46E1A2ADBD42300A77F10 /* XCRemoteSwiftPackageReference "AlamofireImage" */ = {
			isa = XCRemoteSwiftPackageReference;
			repositoryURL = "https://github.com/Alamofire/AlamofireImage.git";
			requirement = {
				kind = upToNextMajorVersion;
				minimumVersion = 4.3.0;
			};
		};
/* End XCRemoteSwiftPackageReference section */

/* Begin XCSwiftPackageProductDependency section */
		BCF46E152ADBD3BE00A77F10 /* Alamofire */ = {
			isa = XCSwiftPackageProductDependency;
			package = BCF46E142ADBD3BE00A77F10 /* XCRemoteSwiftPackageReference "Alamofire" */;
			productName = Alamofire;
		};
		BCF46E182ADBD3EC00A77F10 /* SwiftyJSON */ = {
			isa = XCSwiftPackageProductDependency;
			package = BCF46E172ADBD3EC00A77F10 /* XCRemoteSwiftPackageReference "SwiftyJSON" */;
			productName = SwiftyJSON;
		};
		BCF46E1B2ADBD42300A77F10 /* AlamofireImage */ = {
			isa = XCSwiftPackageProductDependency;
			package = BCF46E1A2ADBD42300A77F10 /* XCRemoteSwiftPackageReference "AlamofireImage" */;
			productName = AlamofireImage;
		};
/* End XCSwiftPackageProductDependency section */
	};
	rootObject = BC679C512AD6B41D00C53162 /* Project object */;
}
